
Microsoft Visual Studio Solution File, Format Version 12.00
# Visual Studio Version 16
VisualStudioVersion = 16.0.29001.49
MinimumVisualStudioVersion = 10.0.40219.1
Project("{FAE04EC0-301F-11D3-BF4B-00C04F79EFBC}") = "forces", "forces\forces.csproj", "{ECE7AFD3-F734-4EA6-9AD4-6C9CD5010EDA}"
EndProject
Global
	GlobalSection(SolutionConfigurationPlatforms) = preSolution
		Debug|Any CPU = Debug|Any CPU
		Release|Any CPU = Release|Any CPU
	EndGlobalSection
	GlobalSection(ProjectConfigurationPlatforms) = postSolution
		{ECE7AFD3-F734-4EA6-9AD4-6C9CD5010EDA}.Debug|Any CPU.ActiveCfg = Debug|Any CPU
		{ECE7AFD3-F734-4EA6-9AD4-6C9CD5010EDA}.Debug|Any CPU.Build.0 = Debug|Any CPU
		{ECE7AFD3-F734-4EA6-9AD4-6C9CD5010EDA}.Release|Any CPU.ActiveCfg = Release|Any CPU
		{ECE7AFD3-F734-4EA6-9AD4-6C9CD5010EDA}.Release|Any CPU.Build.0 = Release|Any CPU
	EndGlobalSection
	GlobalSection(SolutionProperties) = preSolution
		HideSolutionNode = FALSE
	EndGlobalSection
	GlobalSection(ExtensibilityGlobals) = postSolution
		SolutionGuid = {F7B0FFAF-4E30-4298-80F9-05D93BFE28BB}
	EndGlobalSection
EndGlobal
